
Microsoft Visual Studio Solution File, Format Version 12.00
# Visual Studio 15
VisualStudioVersion = 15.0.27428.2002
MinimumVisualStudioVersion = 10.0.40219.1
Project("{FAE04EC0-301F-11D3-BF4B-00C04F79EFBC}") = "homework1", "homework1\homework1.csproj", "{F6DFB450-0DBD-4620-B26B-7FBC190B535C}"
EndProject
Global
	GlobalSection(SolutionConfigurationPlatforms) = preSolution
		Debug|Any CPU = Debug|Any CPU
		Release|Any CPU = Release|Any CPU
	EndGlobalSection
	GlobalSection(ProjectConfigurationPlatforms) = postSolution
		{F6DFB450-0DBD-4620-B26B-7FBC190B535C}.Debug|Any CPU.ActiveCfg = Debug|Any CPU
		{F6DFB450-0DBD-4620-B26B-7FBC190B535C}.Debug|Any CPU.Build.0 = Debug|Any CPU
		{F6DFB450-0DBD-4620-B26B-7FBC190B535C}.Release|Any CPU.ActiveCfg = Release|Any CPU
		{F6DFB450-0DBD-4620-B26B-7FBC190B535C}.Release|Any CPU.Build.0 = Release|Any CPU
	EndGlobalSection
	GlobalSection(SolutionProperties) = preSolution
		HideSolutionNode = FALSE
	EndGlobalSection
	GlobalSection(ExtensibilityGlobals) = postSolution
		SolutionGuid = {B029851B-76A4-4FAE-AEBD-536B682F8A25}
	EndGlobalSection
EndGlobal
